lockfileVersion: '9.0'

settings:
  autoInstallPeers: true
  excludeLinksFromLockfile: false
  injectWorkspacePackages: true

catalogs:
  default:
    prettier:
      specifier: ^3.8.1
      version: 3.8.1
    typescript:
      specifier: 5.9.3
      version: 5.9.3

importers:

  .:
    devDependencies:
      husky:
        specifier: ^9.1.7
        version: 9.1.7
      prettier:
        specifier: 'catalog:'
        version: 3.8.1
      prettier-plugin-tailwindcss:
        specifier: ^0.7.2
        version: 0.7.2(prettier@3.8.1)
      turbo:
        specifier: ^2.7.6
        version: 2.8.1
      typescript:
        specifier: 'catalog:'
        version: 5.9.3

packages:

  husky@9.1.7:
    resolution: {integrity: sha512-5gs5ytaNjBrh5Ow3zrvdUUY+0VxIuWVL4i9irt6friV+BqdCfmV11CQTWMiBYWHbXhco+J1kHfTOUkePhCDvMA==}
    engines: {node: '>=18'}
    hasBin: true

  prettier-plugin-tailwindcss@0.7.2:
    resolution: {integrity: sha512-LkphyK3Fw+q2HdMOoiEHWf93fNtYJwfamoKPl7UwtjFQdei/iIBoX11G6j706FzN3ymX9mPVi97qIY8328vdnA==}
    engines: {node: '>=20.19'}
    peerDependencies:
      '@ianvs/prettier-plugin-sort-imports': '*'
      '@prettier/plugin-hermes': '*'
      '@prettier/plugin-oxc': '*'
      '@prettier/plugin-pug': '*'
      '@shopify/prettier-plugin-liquid': '*'
      '@trivago/prettier-plugin-sort-imports': '*'
      '@zackad/prettier-plugin-twig': '*'
      prettier: ^3.0
      prettier-plugin-astro: '*'
      prettier-plugin-css-order: '*'
      prettier-plugin-jsdoc: '*'
      prettier-plugin-marko: '*'
      prettier-plugin-multiline-arrays: '*'
      prettier-plugin-organize-attributes: '*'
      prettier-plugin-organize-imports: '*'
      prettier-plugin-sort-imports: '*'
      prettier-plugin-svelte: '*'
    peerDependenciesMeta:
      '@ianvs/prettier-plugin-sort-imports':
        optional: true
      '@prettier/plugin-hermes':
        optional: true
      '@prettier/plugin-oxc':
        optional: true
      '@prettier/plugin-pug':
        optional: true
      '@shopify/prettier-plugin-liquid':
        optional: true
      '@trivago/prettier-plugin-sort-imports':
        optional: true
      '@zackad/prettier-plugin-twig':
        optional: true
      prettier-plugin-astro:
        optional: true
      prettier-plugin-css-order:
        optional: true
      prettier-plugin-jsdoc:
        optional: true
      prettier-plugin-marko:
        optional: true
      prettier-plugin-multiline-arrays:
        optional: true
      prettier-plugin-organize-attributes:
        optional: true
      prettier-plugin-organize-imports:
        optional: true
      prettier-plugin-sort-imports:
        optional: true
      prettier-plugin-svelte:
        optional: true

  prettier@3.8.1:
    resolution: {integrity: sha512-UOnG6LftzbdaHZcKoPFtOcCKztrQ57WkHDeRD9t/PTQtmT0NHSeWWepj6pS0z/N7+08BHFDQVUrfmfMRcZwbMg==}
    engines: {node: '>=14'}
    hasBin: true

  turbo-darwin-64@2.8.1:
    resolution: {integrity: sha512-FQ6Uqxty/H1Nvn1dpBe8KUlMRclTuiyNSc1PCeDL/ad7M9ykpWutB51YpMpf9ibTA32M6wLdIRf+D96W6hDAtQ==}
    cpu: [x64]
    os: [darwin]

  turbo-darwin-arm64@2.8.1:
    resolution: {integrity: sha512-4bCcEpGP2/aSXmeN2gl5SuAmS1q5ykjubnFvSoXjQoCKtDOV+vc4CTl/DduZzUUutCVUWXjl8OyfIQ+DGCaV4A==}
    cpu: [arm64]
    os: [darwin]

  turbo-linux-64@2.8.1:
    resolution: {integrity: sha512-m99JRlWlEgXPR7mkThAbKh6jbTmWSOXM/c6rt8yd4Uxh0+wjq7+DYcQbead6aoOqmCP9akswZ8EXIv1ogKBblg==}
    cpu: [x64]
    os: [linux]

  turbo-linux-arm64@2.8.1:
    resolution: {integrity: sha512-AsPlza3AsavJdl2o7FE67qyv0aLfmT1XwFQGzvwpoAO6Bj7S4a03tpUchZKNuGjNAkKVProQRFnB7PgUAScFXA==}
    cpu: [arm64]
    os: [linux]

  turbo-windows-64@2.8.1:
    resolution: {integrity: sha512-GdqNO6bYShRsr79B+2G/2ssjLEp9uBTvLBJSWRtRCiac/SEmv8T6RYv9hu+h5oGbFALtnKNp6BQBw78RJURsPw==}
    cpu: [x64]
    os: [win32]

  turbo-windows-arm64@2.8.1:
    resolution: {integrity: sha512-n40E6IpkzrShRo3yMdRpgnn1/sAbGC6tZXwyNu8fe9RsufeD7KBiaoRSvw8xLyqV3pd2yoTL2rdCXq24MnTCWA==}
    cpu: [arm64]
    os: [win32]

  turbo@2.8.1:
    resolution: {integrity: sha512-pbSMlRflA0RAuk/0jnAt8pzOYh1+sKaT8nVtcs75OFGVWD0evleQRmKtHJJV42QOhaC3Hx9mUUSOom/irasbjA==}
    hasBin: true

  typescript@5.9.3:
    resolution: {integrity: sha512-jl1vZzPDinLr9eUt3J/t7V6FgNEw9QjvBPdysz9KfQDD41fQrC2Y4vKQdiaUpFT4bXlb1RHhLpp8wtm6M5TgSw==}
    engines: {node: '>=14.17'}
    hasBin: true

snapshots:

  husky@9.1.7: {}

  prettier-plugin-tailwindcss@0.7.2(prettier@3.8.1):
    dependencies:
      prettier: 3.8.1

  prettier@3.8.1: {}

  turbo-darwin-64@2.8.1:
    optional: true

  turbo-darwin-arm64@2.8.1:
    optional: true

  turbo-linux-64@2.8.1:
    optional: true

  turbo-linux-arm64@2.8.1:
    optional: true

  turbo-windows-64@2.8.1:
    optional: true

  turbo-windows-arm64@2.8.1:
    optional: true

  turbo@2.8.1:
    optionalDependencies:
      turbo-darwin-64: 2.8.1
      turbo-darwin-arm64: 2.8.1
      turbo-linux-64: 2.8.1
      turbo-linux-arm64: 2.8.1
      turbo-windows-64: 2.8.1
      turbo-windows-arm64: 2.8.1

  typescript@5.9.3: {}
